// !$*UTF8*$!
{
	archiveVersion = 1;
	classes = {
	};
	objectVersion = 56;
	objects = {

/* Begin PBXBuildFile section */
		1B1D86FA2C60AF1100C1B5AF /* MeasurementFile.swift in Sources */ = {isa = PBXBuildFile; fileRef = 1B1D86F92C60AF1100C1B5AF /* MeasurementFile.swift */; };
		1B1D86FD2C60B3B200C1B5AF /* RequestError.swift in Sources */ = {isa = PBXBuildFile; fileRef = 1B1D86FC2C60B3B200C1B5AF /* RequestError.swift */; };
		1B1D87002C60B70B00C1B5AF /* mptcp-check.mov in Resources */ = {isa = PBXBuildFile; fileRef = 1B1D86FF2C60B70B00C1B5AF /* mptcp-check.mov */; };
		1B1D87032C60C39A00C1B5AF /* mptcp-new-benchmark.mov in Resources */ = {isa = PBXBuildFile; fileRef = 1B1D87012C60C39A00C1B5AF /* mptcp-new-benchmark.mov */; };
		1B1D87042C60C39A00C1B5AF /* mptcp-export.mov in Resources */ = {isa = PBXBuildFile; fileRef = 1B1D87022C60C39A00C1B5AF /* mptcp-export.mov */; };
		1B499A7F2C5CD17E00744D38 /* MeasureStore.swift in Sources */ = {isa = PBXBuildFile; fileRef = 1B499A7E2C5CD17E00744D38 /* MeasureStore.swift */; };
		1B499A812C5CE23000744D38 /* NewMeasureView.swift in Sources */ = {isa = PBXBuildFile; fileRef = 1B499A802C5CE23000744D38 /* NewMeasureView.swift */; };
		1B6BA5D42C8DFAEB007FC35A /* quiche-client.c in Sources */ = {isa = PBXBuildFile; fileRef = 1B6BA5D12C8DFAEB007FC35A /* quiche-client.c */; };
		1B6BA5D92C8DFB5E007FC35A /* HTMLStringView.swift in Sources */ = {isa = PBXBuildFile; fileRef = 1B6BA5D82C8DFB5E007FC35A /* HTMLStringView.swift */; };
		1B6BA5DB2C8DFB70007FC35A /* QuicView.swift in Sources */ = {isa = PBXBuildFile; fileRef = 1B6BA5DA2C8DFB70007FC35A /* QuicView.swift */; };
		1B6BA5E52C8DFEA5007FC35A /* Quiche.xcframework in Frameworks */ = {isa = PBXBuildFile; fileRef = 1B6BA5E42C8DFEA5007FC35A /* Quiche.xcframework */; };
		1B6BA5E62C8DFEA5007FC35A /* Quiche.xcframework in Embed Frameworks */ = {isa = PBXBuildFile; fileRef = 1B6BA5E42C8DFEA5007FC35A /* Quiche.xcframework */; settings = {ATTRIBUTES = (CodeSignOnCopy, RemoveHeadersOnCopy, ); }; };
		1B6BA5E92C8DFEAD007FC35A /* Ev.xcframework in Frameworks */ = {isa = PBXBuildFile; fileRef = 1B6BA5E82C8DFEAD007FC35A /* Ev.xcframework */; };
		1B6BA5EA2C8DFEAD007FC35A /* Ev.xcframework in Embed Frameworks */ = {isa = PBXBuildFile; fileRef = 1B6BA5E82C8DFEAD007FC35A /* Ev.xcframework */; settings = {ATTRIBUTES = (CodeSignOnCopy, RemoveHeadersOnCopy, ); }; };
		1B6BA5ED2C8DFF28007FC35A /* MultipathClient.swift in Sources */ = {isa = PBXBuildFile; fileRef = 1B6BA5EC2C8DFF28007FC35A /* MultipathClient.swift */; };
		1B6BA5F02C8E04FF007FC35A /* QuicheClient.swift in Sources */ = {isa = PBXBuildFile; fileRef = 1B6BA5EF2C8E04FF007FC35A /* QuicheClient.swift */; };
		1B6BA5F22C8E0887007FC35A /* QuicTransfer.swift in Sources */ = {isa = PBXBuildFile; fileRef = 1B6BA5F12C8E0887007FC35A /* QuicTransfer.swift */; };
		1B6BA5F42C8E08BD007FC35A /* MPTCPTransfer.swift in Sources */ = {isa = PBXBuildFile; fileRef = 1B6BA5F32C8E08BD007FC35A /* MPTCPTransfer.swift */; };
		1B6BA5F62C8E0965007FC35A /* QuicClient.swift in Sources */ = {isa = PBXBuildFile; fileRef = 1B6BA5F52C8E0965007FC35A /* QuicClient.swift */; };
		1B6BA5F82C8E1BB1007FC35A /* QuicheResponse.swift in Sources */ = {isa = PBXBuildFile; fileRef = 1B6BA5F72C8E1BB1007FC35A /* QuicheResponse.swift */; };
		1B6BA5FA2C8E1E24007FC35A /* Utils.swift in Sources */ = {isa = PBXBuildFile; fileRef = 1B6BA5F92C8E1E24007FC35A /* Utils.swift */; };
		1B90EBD42C5BC9420003AB87 /* BenchmarkView.swift in Sources */ = {isa = PBXBuildFile; fileRef = 1B90EBD32C5BC9420003AB87 /* BenchmarkView.swift */; };
		1B90EBD62C5BCE360003AB87 /* NewBenchmarkView.swift in Sources */ = {isa = PBXBuildFile; fileRef = 1B90EBD52C5BCE360003AB87 /* NewBenchmarkView.swift */; };
		1BB17D692C9AF048008CEDAE /* OptionsSelection.swift in Sources */ = {isa = PBXBuildFile; fileRef = 1BB17D682C9AF048008CEDAE /* OptionsSelection.swift */; };
		1BB17D6B2C9AF952008CEDAE /* OptionSelection.swift in Sources */ = {isa = PBXBuildFile; fileRef = 1BB17D6A2C9AF952008CEDAE /* OptionSelection.swift */; };
		1BB17D6D2C9B1196008CEDAE /* OptionsDisplay.swift in Sources */ = {isa = PBXBuildFile; fileRef = 1BB17D6C2C9B1196008CEDAE /* OptionsDisplay.swift */; };
		1BB17D6F2C9B15EA008CEDAE /* OptionDisplay.swift in Sources */ = {isa = PBXBuildFile; fileRef = 1BB17D6E2C9B15EA008CEDAE /* OptionDisplay.swift */; };
		1BB17D712C9B1691008CEDAE /* MeasureList.swift in Sources */ = {isa = PBXBuildFile; fileRef = 1BB17D702C9B1691008CEDAE /* MeasureList.swift */; };
		1BCE936A2C5BC2C6006820CA /* mptcp_exampleApp.swift in Sources */ = {isa = PBXBuildFile; fileRef = 1BCE93692C5BC2C6006820CA /* mptcp_exampleApp.swift */; };
		1BCE936C2C5BC2C6006820CA /* CheckMPTCPView.swift in Sources */ = {isa = PBXBuildFile; fileRef = 1BCE936B2C5BC2C6006820CA /* CheckMPTCPView.swift */; };
		1BCE936E2C5BC2C7006820CA /* Assets.xcassets in Resources */ = {isa = PBXBuildFile; fileRef = 1BCE936D2C5BC2C7006820CA /* Assets.xcassets */; };
		1BCE93722C5BC2C7006820CA /* Preview Assets.xcassets in Resources */ = {isa = PBXBuildFile; fileRef = 1BCE93712C5BC2C7006820CA /* Preview Assets.xcassets */; };
		1BCE937B2C5BC338006820CA /* AlamofireClient.swift in Sources */ = {isa = PBXBuildFile; fileRef = 1BCE937A2C5BC338006820CA /* AlamofireClient.swift */; };
		1BCE937D2C5BC34A006820CA /* MPTCPClient.swift in Sources */ = {isa = PBXBuildFile; fileRef = 1BCE937C2C5BC34A006820CA /* MPTCPClient.swift */; };
		1BCE937F2C5BC35C006820CA /* URLSessionClient.swift in Sources */ = {isa = PBXBuildFile; fileRef = 1BCE937E2C5BC35C006820CA /* URLSessionClient.swift */; };
		1BCE93812C5BC36C006820CA /* Transfer.swift in Sources */ = {isa = PBXBuildFile; fileRef = 1BCE93802C5BC36C006820CA /* Transfer.swift */; };
		1BCE93842C5BC3A3006820CA /* MultipathServiceType+Name.swift in Sources */ = {isa = PBXBuildFile; fileRef = 1BCE93832C5BC3A3006820CA /* MultipathServiceType+Name.swift */; };
		1BCE93872C5BC3D6006820CA /* ClientSelectionView.swift in Sources */ = {isa = PBXBuildFile; fileRef = 1BCE93862C5BC3D6006820CA /* ClientSelectionView.swift */; };
		1BCE938B2C5BC3FA006820CA /* MPTCPModeSelectionView.swift in Sources */ = {isa = PBXBuildFile; fileRef = 1BCE938A2C5BC3FA006820CA /* MPTCPModeSelectionView.swift */; };
		1BCE938D2C5BC40F006820CA /* ResultsView.swift in Sources */ = {isa = PBXBuildFile; fileRef = 1BCE938C2C5BC40F006820CA /* ResultsView.swift */; };
		1BCE938F2C5BC423006820CA /* TransferSelectionView.swift in Sources */ = {isa = PBXBuildFile; fileRef = 1BCE938E2C5BC423006820CA /* TransferSelectionView.swift */; };
		1BCE93922C5BC43A006820CA /* Alamofire in Frameworks */ = {isa = PBXBuildFile; productRef = 1BCE93912C5BC43A006820CA /* Alamofire */; };
		1BD383282C6F513E009DCFA5 /* HTTPRequest.swift in Sources */ = {isa = PBXBuildFile; fileRef = 1BD383252C6F513E009DCFA5 /* HTTPRequest.swift */; };
		1BD383292C6F513E009DCFA5 /* HTTPResponse.swift in Sources */ = {isa = PBXBuildFile; fileRef = 1BD383262C6F513E009DCFA5 /* HTTPResponse.swift */; };
		1BD3832A2C6F513E009DCFA5 /* NetworkClient.swift in Sources */ = {isa = PBXBuildFile; fileRef = 1BD383272C6F513E009DCFA5 /* NetworkClient.swift */; };
		1BD3832C2C6F542C009DCFA5 /* MPTCPClientNetwork.swift in Sources */ = {isa = PBXBuildFile; fileRef = 1BD3832B2C6F542C009DCFA5 /* MPTCPClientNetwork.swift */; };
		1BDB6CFF2C5C0ABD0029A10D /* Measure.swift in Sources */ = {isa = PBXBuildFile; fileRef = 1BDB6CFE2C5C0ABD0029A10D /* Measure.swift */; };
		1BDB6D012C5C10570029A10D /* MeasureView.swift in Sources */ = {isa = PBXBuildFile; fileRef = 1BDB6D002C5C10570029A10D /* MeasureView.swift */; };
/* End PBXBuildFile section */

/* Begin PBXCopyFilesBuildPhase section */
		1B6BA5E72C8DFEA5007FC35A /* Embed Frameworks */ = {
			isa = PBXCopyFilesBuildPhase;
			buildActionMask = 2147483647;
			dstPath = "";
			dstSubfolderSpec = 10;
			files = (
				1B6BA5EA2C8DFEAD007FC35A /* Ev.xcframework in Embed Frameworks */,
				1B6BA5E62C8DFEA5007FC35A /* Quiche.xcframework in Embed Frameworks */,
			);
			name = "Embed Frameworks";
			runOnlyForDeploymentPostprocessing = 0;
		};
/* End PBXCopyFilesBuildPhase section */

/* Begin PBXFileReference section */
		1B1D86F92C60AF1100C1B5AF /* MeasurementFile.swift */ = {isa = PBXFileReference; lastKnownFileType = sourcecode.swift; path = MeasurementFile.swift; sourceTree = "<group>"; };
		1B1D86FC2C60B3B200C1B5AF /* RequestError.swift */ = {isa = PBXFileReference; lastKnownFileType = sourcecode.swift; path = RequestError.swift; sourceTree = "<group>"; };
		1B1D86FF2C60B70B00C1B5AF /* mptcp-check.mov */ = {isa = PBXFileReference; lastKnownFileType = video.quicktime; path = "mptcp-check.mov"; sourceTree = "<group>"; };
		1B1D87012C60C39A00C1B5AF /* mptcp-new-benchmark.mov */ = {isa = PBXFileReference; lastKnownFileType = video.quicktime; path = "mptcp-new-benchmark.mov"; sourceTree = "<group>"; };
		1B1D87022C60C39A00C1B5AF /* mptcp-export.mov */ = {isa = PBXFileReference; lastKnownFileType = video.quicktime; path = "mptcp-export.mov"; sourceTree = "<group>"; };
		1B499A7E2C5CD17E00744D38 /* MeasureStore.swift */ = {isa = PBXFileReference; lastKnownFileType = sourcecode.swift; path = MeasureStore.swift; sourceTree = "<group>"; };
		1B499A802C5CE23000744D38 /* NewMeasureView.swift */ = {isa = PBXFileReference; lastKnownFileType = sourcecode.swift; path = NewMeasureView.swift; sourceTree = "<group>"; };
		1B6BA5D12C8DFAEB007FC35A /* quiche-client.c */ = {isa = PBXFileReference; fileEncoding = 4; lastKnownFileType = sourcecode.c.c; path = "quiche-client.c"; sourceTree = "<group>"; };
		1B6BA5D22C8DFAEB007FC35A /* quiche-client.h */ = {isa = PBXFileReference; fileEncoding = 4; lastKnownFileType = sourcecode.c.h; path = "quiche-client.h"; sourceTree = "<group>"; };
		1B6BA5D82C8DFB5E007FC35A /* HTMLStringView.swift */ = {isa = PBXFileReference; fileEncoding = 4; lastKnownFileType = sourcecode.swift; path = HTMLStringView.swift; sourceTree = "<group>"; };
		1B6BA5DA2C8DFB70007FC35A /* QuicView.swift */ = {isa = PBXFileReference; fileEncoding = 4; lastKnownFileType = sourcecode.swift; path = QuicView.swift; sourceTree = "<group>"; };
		1B6BA5DF2C8DFC72007FC35A /* quiche-Bridging-Header.h */ = {isa = PBXFileReference; fileEncoding = 4; lastKnownFileType = sourcecode.c.h; path = "quiche-Bridging-Header.h"; sourceTree = "<group>"; };
		1B6BA5E42C8DFEA5007FC35A /* Quiche.xcframework */ = {isa = PBXFileReference; lastKnownFileType = wrapper.xcframework; path = Quiche.xcframework; sourceTree = "<group>"; };
		1B6BA5E82C8DFEAD007FC35A /* Ev.xcframework */ = {isa = PBXFileReference; lastKnownFileType = wrapper.xcframework; path = Ev.xcframework; sourceTree = "<group>"; };
		1B6BA5EC2C8DFF28007FC35A /* MultipathClient.swift */ = {isa = PBXFileReference; lastKnownFileType = sourcecode.swift; path = MultipathClient.swift; sourceTree = "<group>"; };
		1B6BA5EF2C8E04FF007FC35A /* QuicheClient.swift */ = {isa = PBXFileReference; lastKnownFileType = sourcecode.swift; path = QuicheClient.swift; sourceTree = "<group>"; };
		1B6BA5F12C8E0887007FC35A /* QuicTransfer.swift */ = {isa = PBXFileReference; lastKnownFileType = sourcecode.swift; path = QuicTransfer.swift; sourceTree = "<group>"; };
		1B6BA5F32C8E08BD007FC35A /* MPTCPTransfer.swift */ = {isa = PBXFileReference; lastKnownFileType = sourcecode.swift; path = MPTCPTransfer.swift; sourceTree = "<group>"; };
		1B6BA5F52C8E0965007FC35A /* QuicClient.swift */ = {isa = PBXFileReference; lastKnownFileType = sourcecode.swift; path = QuicClient.swift; sourceTree = "<group>"; };
		1B6BA5F72C8E1BB1007FC35A /* QuicheResponse.swift */ = {isa = PBXFileReference; lastKnownFileType = sourcecode.swift; path = QuicheResponse.swift; sourceTree = "<group>"; };
		1B6BA5F92C8E1E24007FC35A /* Utils.swift */ = {isa = PBXFileReference; lastKnownFileType = sourcecode.swift; path = Utils.swift; sourceTree = "<group>"; };
		1B7608392C5D224E007F37AE /* README.md */ = {isa = PBXFileReference; lastKnownFileType = net.daringfireball.markdown; path = README.md; sourceTree = "<group>"; xcLanguageSpecificationIdentifier = xcode.lang.markdown; };
		1B90EBD32C5BC9420003AB87 /* BenchmarkView.swift */ = {isa = PBXFileReference; lastKnownFileType = sourcecode.swift; path = BenchmarkView.swift; sourceTree = "<group>"; };
		1B90EBD52C5BCE360003AB87 /* NewBenchmarkView.swift */ = {isa = PBXFileReference; lastKnownFileType = sourcecode.swift; path = NewBenchmarkView.swift; sourceTree = "<group>"; };
		1BB17D682C9AF048008CEDAE /* OptionsSelection.swift */ = {isa = PBXFileReference; lastKnownFileType = sourcecode.swift; path = OptionsSelection.swift; sourceTree = "<group>"; };
		1BB17D6A2C9AF952008CEDAE /* OptionSelection.swift */ = {isa = PBXFileReference; lastKnownFileType = sourcecode.swift; path = OptionSelection.swift; sourceTree = "<group>"; };
		1BB17D6C2C9B1196008CEDAE /* OptionsDisplay.swift */ = {isa = PBXFileReference; lastKnownFileType = sourcecode.swift; path = OptionsDisplay.swift; sourceTree = "<group>"; };
		1BB17D6E2C9B15EA008CEDAE /* OptionDisplay.swift */ = {isa = PBXFileReference; lastKnownFileType = sourcecode.swift; path = OptionDisplay.swift; sourceTree = "<group>"; };
		1BB17D702C9B1691008CEDAE /* MeasureList.swift */ = {isa = PBXFileReference; lastKnownFileType = sourcecode.swift; path = MeasureList.swift; sourceTree = "<group>"; };
		1BCE93662C5BC2C6006820CA /* multipath-tester.app */ = {isa = PBXFileReference; explicitFileType = wrapper.application; includeInIndex = 0; path = "multipath-tester.app"; sourceTree = BUILT_PRODUCTS_DIR; };
		1BCE93692C5BC2C6006820CA /* mptcp_exampleApp.swift */ = {isa = PBXFileReference; lastKnownFileType = sourcecode.swift; path = mptcp_exampleApp.swift; sourceTree = "<group>"; };
		1BCE936B2C5BC2C6006820CA /* CheckMPTCPView.swift */ = {isa = PBXFileReference; lastKnownFileType = sourcecode.swift; path = CheckMPTCPView.swift; sourceTree = "<group>"; };
		1BCE936D2C5BC2C7006820CA /* Assets.xcassets */ = {isa = PBXFileReference; lastKnownFileType = folder.assetcatalog; path = Assets.xcassets; sourceTree = "<group>"; };
		1BCE936F2C5BC2C7006820CA /* multipath-tester.entitlements */ = {isa = PBXFileReference; lastKnownFileType = text.plist.entitlements; path = "multipath-tester.entitlements"; sourceTree = "<group>"; };
		1BCE93712C5BC2C7006820CA /* Preview Assets.xcassets */ = {isa = PBXFileReference; lastKnownFileType = folder.assetcatalog; path = "Preview Assets.xcassets"; sourceTree = "<group>"; };
		1BCE937A2C5BC338006820CA /* AlamofireClient.swift */ = {isa = PBXFileReference; lastKnownFileType = sourcecode.swift; path = AlamofireClient.swift; sourceTree = "<group>"; };
		1BCE937C2C5BC34A006820CA /* MPTCPClient.swift */ = {isa = PBXFileReference; lastKnownFileType = sourcecode.swift; path = MPTCPClient.swift; sourceTree = "<group>"; };
		1BCE937E2C5BC35C006820CA /* URLSessionClient.swift */ = {isa = PBXFileReference; lastKnownFileType = sourcecode.swift; path = URLSessionClient.swift; sourceTree = "<group>"; };
		1BCE93802C5BC36C006820CA /* Transfer.swift */ = {isa = PBXFileReference; lastKnownFileType = sourcecode.swift; path = Transfer.swift; sourceTree = "<group>"; };
		1BCE93832C5BC3A3006820CA /* MultipathServiceType+Name.swift */ = {isa = PBXFileReference; lastKnownFileType = sourcecode.swift; path = "MultipathServiceType+Name.swift"; sourceTree = "<group>"; };
		1BCE93862C5BC3D6006820CA /* ClientSelectionView.swift */ = {isa = PBXFileReference; lastKnownFileType = sourcecode.swift; path = ClientSelectionView.swift; sourceTree = "<group>"; };
		1BCE938A2C5BC3FA006820CA /* MPTCPModeSelectionView.swift */ = {isa = PBXFileReference; lastKnownFileType = sourcecode.swift; path = MPTCPModeSelectionView.swift; sourceTree = "<group>"; };
		1BCE938C2C5BC40F006820CA /* ResultsView.swift */ = {isa = PBXFileReference; lastKnownFileType = sourcecode.swift; path = ResultsView.swift; sourceTree = "<group>"; };
		1BCE938E2C5BC423006820CA /* TransferSelectionView.swift */ = {isa = PBXFileReference; lastKnownFileType = sourcecode.swift; path = TransferSelectionView.swift; sourceTree = "<group>"; };
		1BD383252C6F513E009DCFA5 /* HTTPRequest.swift */ = {isa = PBXFileReference; fileEncoding = 4; lastKnownFileType = sourcecode.swift; path = HTTPRequest.swift; sourceTree = "<group>"; };
		1BD383262C6F513E009DCFA5 /* HTTPResponse.swift */ = {isa = PBXFileReference; fileEncoding = 4; lastKnownFileType = sourcecode.swift; path = HTTPResponse.swift; sourceTree = "<group>"; };
		1BD383272C6F513E009DCFA5 /* NetworkClient.swift */ = {isa = PBXFileReference; fileEncoding = 4; lastKnownFileType = sourcecode.swift; path = NetworkClient.swift; sourceTree = "<group>"; };
		1BD3832B2C6F542C009DCFA5 /* MPTCPClientNetwork.swift */ = {isa = PBXFileReference; lastKnownFileType = sourcecode.swift; path = MPTCPClientNetwork.swift; sourceTree = "<group>"; };
		1BDB6CFE2C5C0ABD0029A10D /* Measure.swift */ = {isa = PBXFileReference; lastKnownFileType = sourcecode.swift; path = Measure.swift; sourceTree = "<group>"; };
		1BDB6D002C5C10570029A10D /* MeasureView.swift */ = {isa = PBXFileReference; lastKnownFileType = sourcecode.swift; path = MeasureView.swift; sourceTree = "<group>"; };
/* End PBXFileReference section */

/* Begin PBXFrameworksBuildPhase section */
		1BCE93632C5BC2C6006820CA /* Frameworks */ = {
			isa = PBXFrameworksBuildPhase;
			buildActionMask = 2147483647;
			files = (
				1B6BA5E92C8DFEAD007FC35A /* Ev.xcframework in Frameworks */,
				1B6BA5E52C8DFEA5007FC35A /* Quiche.xcframework in Frameworks */,
				1BCE93922C5BC43A006820CA /* Alamofire in Frameworks */,
			);
			runOnlyForDeploymentPostprocessing = 0;
		};
/* End PBXFrameworksBuildPhase section */

/* Begin PBXGroup section */
		1B1D86FB2C60B34F00C1B5AF /* Measure */ = {
			isa = PBXGroup;
			children = (
				1BDB6CFE2C5C0ABD0029A10D /* Measure.swift */,
				1B499A7E2C5CD17E00744D38 /* MeasureStore.swift */,
				1B1D86F92C60AF1100C1B5AF /* MeasurementFile.swift */,
			);
			path = Measure;
			sourceTree = "<group>";
		};
		1B1D86FE2C60B3E700C1B5AF /* demos */ = {
			isa = PBXGroup;
			children = (
				1B1D86FF2C60B70B00C1B5AF /* mptcp-check.mov */,
				1B1D87012C60C39A00C1B5AF /* mptcp-new-benchmark.mov */,
				1B1D87022C60C39A00C1B5AF /* mptcp-export.mov */,
			);
			path = demos;
			sourceTree = "<group>";
		};
		1B499A7D2C5CD11400744D38 /* Views */ = {
			isa = PBXGroup;
			children = (
				1B6BA5DA2C8DFB70007FC35A /* QuicView.swift */,
				1BCE936B2C5BC2C6006820CA /* CheckMPTCPView.swift */,
				1B90EBD32C5BC9420003AB87 /* BenchmarkView.swift */,
				1B90EBD52C5BCE360003AB87 /* NewBenchmarkView.swift */,
			);
			path = Views;
			sourceTree = "<group>";
		};
		1B6BA5D32C8DFAEB007FC35A /* quiche-client */ = {
			isa = PBXGroup;
			children = (
				1B6BA5D12C8DFAEB007FC35A /* quiche-client.c */,
				1B6BA5D22C8DFAEB007FC35A /* quiche-client.h */,
			);
			path = "quiche-client";
			sourceTree = "<group>";
		};
		1B6BA5E32C8DFEA5007FC35A /* Frameworks */ = {
			isa = PBXGroup;
			children = (
				1B6BA5E82C8DFEAD007FC35A /* Ev.xcframework */,
				1B6BA5E42C8DFEA5007FC35A /* Quiche.xcframework */,
			);
			name = Frameworks;
			sourceTree = "<group>";
		};
		1B6BA5EB2C8DFEEE007FC35A /* MPTCP */ = {
			isa = PBXGroup;
			children = (
				1BD383222C6F5116009DCFA5 /* NetworkClient */,
				1BCE937A2C5BC338006820CA /* AlamofireClient.swift */,
				1BCE937C2C5BC34A006820CA /* MPTCPClient.swift */,
				1BCE937E2C5BC35C006820CA /* URLSessionClient.swift */,
				1B1D86FC2C60B3B200C1B5AF /* RequestError.swift */,
				1B6BA5F32C8E08BD007FC35A /* MPTCPTransfer.swift */,
			);
			path = MPTCP;
			sourceTree = "<group>";
		};
		1B6BA5EE2C8E04DD007FC35A /* QUIC */ = {
			isa = PBXGroup;
			children = (
				1B6BA5EF2C8E04FF007FC35A /* QuicheClient.swift */,
				1B6BA5F12C8E0887007FC35A /* QuicTransfer.swift */,
				1B6BA5F52C8E0965007FC35A /* QuicClient.swift */,
				1B6BA5F72C8E1BB1007FC35A /* QuicheResponse.swift */,
			);
			path = QUIC;
			sourceTree = "<group>";
		};
		1BCE935D2C5BC2C6006820CA = {
			isa = PBXGroup;
			children = (
				1B1D86FE2C60B3E700C1B5AF /* demos */,
				1B7608392C5D224E007F37AE /* README.md */,
				1BCE93682C5BC2C6006820CA /* multipath-tester */,
				1BCE93672C5BC2C6006820CA /* Products */,
				1B6BA5E32C8DFEA5007FC35A /* Frameworks */,
			);
			sourceTree = "<group>";
		};
		1BCE93672C5BC2C6006820CA /* Products */ = {
			isa = PBXGroup;
			children = (
				1BCE93662C5BC2C6006820CA /* multipath-tester.app */,
			);
			name = Products;
			sourceTree = "<group>";
		};
		1BCE93682C5BC2C6006820CA /* multipath-tester */ = {
			isa = PBXGroup;
			children = (
				1B6BA5D32C8DFAEB007FC35A /* quiche-client */,
				1B499A7D2C5CD11400744D38 /* Views */,
				1BCE93852C5BC3BE006820CA /* Components */,
				1BCE93822C5BC383006820CA /* Extensions */,
				1BCE93782C5BC31D006820CA /* Models */,
				1BCE93692C5BC2C6006820CA /* mptcp_exampleApp.swift */,
				1B6BA5DF2C8DFC72007FC35A /* quiche-Bridging-Header.h */,
				1BCE936D2C5BC2C7006820CA /* Assets.xcassets */,
				1BCE936F2C5BC2C7006820CA /* multipath-tester.entitlements */,
				1BCE93702C5BC2C7006820CA /* Preview Content */,
			);
			path = "multipath-tester";
			sourceTree = "<group>";
		};
		1BCE93702C5BC2C7006820CA /* Preview Content */ = {
			isa = PBXGroup;
			children = (
				1BCE93712C5BC2C7006820CA /* Preview Assets.xcassets */,
			);
			path = "Preview Content";
			sourceTree = "<group>";
		};
		1BCE93782C5BC31D006820CA /* Models */ = {
			isa = PBXGroup;
			children = (
				1B1D86FB2C60B34F00C1B5AF /* Measure */,
				1BCE93792C5BC327006820CA /* Clients */,
				1BCE93802C5BC36C006820CA /* Transfer.swift */,
				1B6BA5F92C8E1E24007FC35A /* Utils.swift */,
			);
			path = Models;
			sourceTree = "<group>";
		};
		1BCE93792C5BC327006820CA /* Clients */ = {
			isa = PBXGroup;
			children = (
				1B6BA5EE2C8E04DD007FC35A /* QUIC */,
				1B6BA5EB2C8DFEEE007FC35A /* MPTCP */,
				1B6BA5EC2C8DFF28007FC35A /* MultipathClient.swift */,
			);
			path = Clients;
			sourceTree = "<group>";
		};
		1BCE93822C5BC383006820CA /* Extensions */ = {
			isa = PBXGroup;
			children = (
				1BCE93832C5BC3A3006820CA /* MultipathServiceType+Name.swift */,
			);
			path = Extensions;
			sourceTree = "<group>";
		};
		1BCE93852C5BC3BE006820CA /* Components */ = {
			isa = PBXGroup;
			children = (
				1BCE93862C5BC3D6006820CA /* ClientSelectionView.swift */,
				1BCE938A2C5BC3FA006820CA /* MPTCPModeSelectionView.swift */,
				1BCE938C2C5BC40F006820CA /* ResultsView.swift */,
				1BCE938E2C5BC423006820CA /* TransferSelectionView.swift */,
				1BDB6D002C5C10570029A10D /* MeasureView.swift */,
				1B499A802C5CE23000744D38 /* NewMeasureView.swift */,
				1B6BA5D82C8DFB5E007FC35A /* HTMLStringView.swift */,
				1BB17D682C9AF048008CEDAE /* OptionsSelection.swift */,
				1BB17D6A2C9AF952008CEDAE /* OptionSelection.swift */,
				1BB17D6C2C9B1196008CEDAE /* OptionsDisplay.swift */,
				1BB17D6E2C9B15EA008CEDAE /* OptionDisplay.swift */,
				1BB17D702C9B1691008CEDAE /* MeasureList.swift */,
			);
			path = Components;
			sourceTree = "<group>";
		};
		1BD383222C6F5116009DCFA5 /* NetworkClient */ = {
			isa = PBXGroup;
			children = (
				1BD383252C6F513E009DCFA5 /* HTTPRequest.swift */,
				1BD383262C6F513E009DCFA5 /* HTTPResponse.swift */,
				1BD383272C6F513E009DCFA5 /* NetworkClient.swift */,
				1BD3832B2C6F542C009DCFA5 /* MPTCPClientNetwork.swift */,
			);
			path = NetworkClient;
			sourceTree = "<group>";
		};
/* End PBXGroup section */

/* Begin PBXNativeTarget section */
		1BCE93652C5BC2C6006820CA /* multipath-tester */ = {
			isa = PBXNativeTarget;
			buildConfigurationList = 1BCE93752C5BC2C7006820CA /* Build configuration list for PBXNativeTarget "multipath-tester" */;
			buildPhases = (
				1BCE93622C5BC2C6006820CA /* Sources */,
				1BCE93632C5BC2C6006820CA /* Frameworks */,
				1BCE93642C5BC2C6006820CA /* Resources */,
				1B6BA5E72C8DFEA5007FC35A /* Embed Frameworks */,
			);
			buildRules = (
			);
			dependencies = (
			);
			name = "multipath-tester";
			packageProductDependencies = (
				1BCE93912C5BC43A006820CA /* Alamofire */,
			);
			productName = "mptcp-example";
			productReference = 1BCE93662C5BC2C6006820CA /* multipath-tester.app */;
			productType = "com.apple.product-type.application";
		};
/* End PBXNativeTarget section */

/* Begin PBXProject section */
		1BCE935E2C5BC2C6006820CA /* Project object */ = {
			isa = PBXProject;
			attributes = {
				BuildIndependentTargetsInParallel = 1;
				LastSwiftUpdateCheck = 1540;
				LastUpgradeCheck = 1540;
				TargetAttributes = {
					1BCE93652C5BC2C6006820CA = {
						CreatedOnToolsVersion = 15.4;
					};
				};
			};
			buildConfigurationList = 1BCE93612C5BC2C6006820CA /* Build configuration list for PBXProject "multipath-tester" */;
			compatibilityVersion = "Xcode 14.0";
			developmentRegion = en;
			hasScannedForEncodings = 0;
			knownRegions = (
				en,
				Base,
			);
			mainGroup = 1BCE935D2C5BC2C6006820CA;
			packageReferences = (
				1BCE93902C5BC43A006820CA /* XCRemoteSwiftPackageReference "Alamofire" */,
			);
			productRefGroup = 1BCE93672C5BC2C6006820CA /* Products */;
			projectDirPath = "";
			projectRoot = "";
			targets = (
				1BCE93652C5BC2C6006820CA /* multipath-tester */,
			);
		};
/* End PBXProject section */

/* Begin PBXResourcesBuildPhase section */
		1BCE93642C5BC2C6006820CA /* Resources */ = {
			isa = PBXResourcesBuildPhase;
			buildActionMask = 2147483647;
			files = (
				1BCE93722C5BC2C7006820CA /* Preview Assets.xcassets in Resources */,
				1B1D87032C60C39A00C1B5AF /* mptcp-new-benchmark.mov in Resources */,
				1B1D87002C60B70B00C1B5AF /* mptcp-check.mov in Resources */,
				1BCE936E2C5BC2C7006820CA /* Assets.xcassets in Resources */,
				1B1D87042C60C39A00C1B5AF /* mptcp-export.mov in Resources */,
			);
			runOnlyForDeploymentPostprocessing = 0;
		};
/* End PBXResourcesBuildPhase section */

/* Begin PBXSourcesBuildPhase section */
		1BCE93622C5BC2C6006820CA /* Sources */ = {
			isa = PBXSourcesBuildPhase;
			buildActionMask = 2147483647;
			files = (
				1B90EBD62C5BCE360003AB87 /* NewBenchmarkView.swift in Sources */,
				1BCE93812C5BC36C006820CA /* Transfer.swift in Sources */,
				1B6BA5F22C8E0887007FC35A /* QuicTransfer.swift in Sources */,
				1BB17D6F2C9B15EA008CEDAE /* OptionDisplay.swift in Sources */,
				1BCE938B2C5BC3FA006820CA /* MPTCPModeSelectionView.swift in Sources */,
				1B6BA5D42C8DFAEB007FC35A /* quiche-client.c in Sources */,
				1BB17D6D2C9B1196008CEDAE /* OptionsDisplay.swift in Sources */,
				1BCE936C2C5BC2C6006820CA /* CheckMPTCPView.swift in Sources */,
				1BCE938D2C5BC40F006820CA /* ResultsView.swift in Sources */,
				1BCE937B2C5BC338006820CA /* AlamofireClient.swift in Sources */,
				1B6BA5D92C8DFB5E007FC35A /* HTMLStringView.swift in Sources */,
				1BDB6CFF2C5C0ABD0029A10D /* Measure.swift in Sources */,
				1BCE936A2C5BC2C6006820CA /* mptcp_exampleApp.swift in Sources */,
				1B6BA5ED2C8DFF28007FC35A /* MultipathClient.swift in Sources */,
				1BB17D712C9B1691008CEDAE /* MeasureList.swift in Sources */,
				1BCE93872C5BC3D6006820CA /* ClientSelectionView.swift in Sources */,
				1BB17D692C9AF048008CEDAE /* OptionsSelection.swift in Sources */,
				1BCE937D2C5BC34A006820CA /* MPTCPClient.swift in Sources */,
				1B90EBD42C5BC9420003AB87 /* BenchmarkView.swift in Sources */,
				1BB17D6B2C9AF952008CEDAE /* OptionSelection.swift in Sources */,
				1BCE93842C5BC3A3006820CA /* MultipathServiceType+Name.swift in Sources */,
				1BD383292C6F513E009DCFA5 /* HTTPResponse.swift in Sources */,
				1B6BA5DB2C8DFB70007FC35A /* QuicView.swift in Sources */,
				1B499A7F2C5CD17E00744D38 /* MeasureStore.swift in Sources */,
				1B6BA5F62C8E0965007FC35A /* QuicClient.swift in Sources */,
				1BD3832C2C6F542C009DCFA5 /* MPTCPClientNetwork.swift in Sources */,
				1B499A812C5CE23000744D38 /* NewMeasureView.swift in Sources */,
				1B6BA5F42C8E08BD007FC35A /* MPTCPTransfer.swift in Sources */,
				1B1D86FD2C60B3B200C1B5AF /* RequestError.swift in Sources */,
				1B1D86FA2C60AF1100C1B5AF /* MeasurementFile.swift in Sources */,
				1BCE938F2C5BC423006820CA /* TransferSelectionView.swift in Sources */,
				1BD383282C6F513E009DCFA5 /* HTTPRequest.swift in Sources */,
				1BDB6D012C5C10570029A10D /* MeasureView.swift in Sources */,
				1BCE937F2C5BC35C006820CA /* URLSessionClient.swift in Sources */,
				1B6BA5FA2C8E1E24007FC35A /* Utils.swift in Sources */,
				1B6BA5F82C8E1BB1007FC35A /* QuicheResponse.swift in Sources */,
				1BD3832A2C6F513E009DCFA5 /* NetworkClient.swift in Sources */,
				1B6BA5F02C8E04FF007FC35A /* QuicheClient.swift in Sources */,
			);
			runOnlyForDeploymentPostprocessing = 0;
		};
/* End PBXSourcesBuildPhase section */

/* Begin XCBuildConfiguration section */
		1BCE93732C5BC2C7006820CA /* Debug */ = {
			isa = XCBuildConfiguration;
			buildSettings = {
				ALWAYS_SEARCH_USER_PATHS = NO;
				ASSETCATALOG_COMPILER_GENERATE_SWIFT_ASSET_SYMBOL_EXTENSIONS = YES;
				CLANG_ANALYZER_NONNULL = YES;
				CLANG_ANALYZER_NUMBER_OBJECT_CONVERSION = YES_AGGRESSIVE;
				CLANG_CXX_LANGUAGE_STANDARD = "gnu++20";
				CLANG_ENABLE_MODULES = YES;
				CLANG_ENABLE_OBJC_ARC = YES;
				CLANG_ENABLE_OBJC_WEAK = YES;
				CLANG_WARN_BLOCK_CAPTURE_AUTORELEASING = YES;
				CLANG_WARN_BOOL_CONVERSION = YES;
				CLANG_WARN_COMMA = YES;
				CLANG_WARN_CONSTANT_CONVERSION = YES;
				CLANG_WARN_DEPRECATED_OBJC_IMPLEMENTATIONS = YES;
				CLANG_WARN_DIRECT_OBJC_ISA_USAGE = YES_ERROR;
				CLANG_WARN_DOCUMENTATION_COMMENTS = YES;
				CLANG_WARN_EMPTY_BODY = YES;
				CLANG_WARN_ENUM_CONVERSION = YES;
				CLANG_WARN_INFINITE_RECURSION = YES;
				CLANG_WARN_INT_CONVERSION = YES;
				CLANG_WARN_NON_LITERAL_NULL_CONVERSION = YES;
				CLANG_WARN_OBJC_IMPLICIT_RETAIN_SELF = YES;
				CLANG_WARN_OBJC_LITERAL_CONVERSION = YES;
				CLANG_WARN_OBJC_ROOT_CLASS = YES_ERROR;
				CLANG_WARN_QUOTED_INCLUDE_IN_FRAMEWORK_HEADER = YES;
				CLANG_WARN_RANGE_LOOP_ANALYSIS = YES;
				CLANG_WARN_STRICT_PROTOTYPES = YES;
				CLANG_WARN_SUSPICIOUS_MOVE = YES;
				CLANG_WARN_UNGUARDED_AVAILABILITY = YES_AGGRESSIVE;
				CLANG_WARN_UNREACHABLE_CODE = YES;
				CLANG_WARN__DUPLICATE_METHOD_MATCH = YES;
				COPY_PHASE_STRIP = NO;
				DEBUG_INFORMATION_FORMAT = dwarf;
				ENABLE_STRICT_OBJC_MSGSEND = YES;
				ENABLE_TESTABILITY = YES;
				ENABLE_USER_SCRIPT_SANDBOXING = YES;
				GCC_C_LANGUAGE_STANDARD = gnu17;
				GCC_DYNAMIC_NO_PIC = NO;
				GCC_NO_COMMON_BLOCKS = YES;
				GCC_OPTIMIZATION_LEVEL = 0;
				GCC_PREPROCESSOR_DEFINITIONS = (
					"DEBUG=1",
					"$(inherited)",
				);
				GCC_WARN_64_TO_32_BIT_CONVERSION = YES;
				GCC_WARN_ABOUT_RETURN_TYPE = YES_ERROR;
				GCC_WARN_UNDECLARED_SELECTOR = YES;
				GCC_WARN_UNINITIALIZED_AUTOS = YES_AGGRESSIVE;
				GCC_WARN_UNUSED_FUNCTION = YES;
				GCC_WARN_UNUSED_VARIABLE = YES;
				LOCALIZATION_PREFERS_STRING_CATALOGS = YES;
				MTL_ENABLE_DEBUG_INFO = INCLUDE_SOURCE;
				MTL_FAST_MATH = YES;
				ONLY_ACTIVE_ARCH = YES;
				SWIFT_ACTIVE_COMPILATION_CONDITIONS = "DEBUG $(inherited)";
				SWIFT_OPTIMIZATION_LEVEL = "-Onone";
			};
			name = Debug;
		};
		1BCE93742C5BC2C7006820CA /* Release */ = {
			isa = XCBuildConfiguration;
			buildSettings = {
				ALWAYS_SEARCH_USER_PATHS = NO;
				ASSETCATALOG_COMPILER_GENERATE_SWIFT_ASSET_SYMBOL_EXTENSIONS = YES;
				CLANG_ANALYZER_NONNULL = YES;
				CLANG_ANALYZER_NUMBER_OBJECT_CONVERSION = YES_AGGRESSIVE;
				CLANG_CXX_LANGUAGE_STANDARD = "gnu++20";
				CLANG_ENABLE_MODULES = YES;
				CLANG_ENABLE_OBJC_ARC = YES;
				CLANG_ENABLE_OBJC_WEAK = YES;
				CLANG_WARN_BLOCK_CAPTURE_AUTORELEASING = YES;
				CLANG_WARN_BOOL_CONVERSION = YES;
				CLANG_WARN_COMMA = YES;
				CLANG_WARN_CONSTANT_CONVERSION = YES;
				CLANG_WARN_DEPRECATED_OBJC_IMPLEMENTATIONS = YES;
				CLANG_WARN_DIRECT_OBJC_ISA_USAGE = YES_ERROR;
				CLANG_WARN_DOCUMENTATION_COMMENTS = YES;
				CLANG_WARN_EMPTY_BODY = YES;
				CLANG_WARN_ENUM_CONVERSION = YES;
				CLANG_WARN_INFINITE_RECURSION = YES;
				CLANG_WARN_INT_CONVERSION = YES;
				CLANG_WARN_NON_LITERAL_NULL_CONVERSION = YES;
				CLANG_WARN_OBJC_IMPLICIT_RETAIN_SELF = YES;
				CLANG_WARN_OBJC_LITERAL_CONVERSION = YES;
				CLANG_WARN_OBJC_ROOT_CLASS = YES_ERROR;
				CLANG_WARN_QUOTED_INCLUDE_IN_FRAMEWORK_HEADER = YES;
				CLANG_WARN_RANGE_LOOP_ANALYSIS = YES;
				CLANG_WARN_STRICT_PROTOTYPES = YES;
				CLANG_WARN_SUSPICIOUS_MOVE = YES;
				CLANG_WARN_UNGUARDED_AVAILABILITY = YES_AGGRESSIVE;
				CLANG_WARN_UNREACHABLE_CODE = YES;
				CLANG_WARN__DUPLICATE_METHOD_MATCH = YES;
				COPY_PHASE_STRIP = NO;
				DEBUG_INFORMATION_FORMAT = "dwarf-with-dsym";
				ENABLE_NS_ASSERTIONS = NO;
				ENABLE_STRICT_OBJC_MSGSEND = YES;
				ENABLE_USER_SCRIPT_SANDBOXING = YES;
				GCC_C_LANGUAGE_STANDARD = gnu17;
				GCC_NO_COMMON_BLOCKS = YES;
				GCC_WARN_64_TO_32_BIT_CONVERSION = YES;
				GCC_WARN_ABOUT_RETURN_TYPE = YES_ERROR;
				GCC_WARN_UNDECLARED_SELECTOR = YES;
				GCC_WARN_UNINITIALIZED_AUTOS = YES_AGGRESSIVE;
				GCC_WARN_UNUSED_FUNCTION = YES;
				GCC_WARN_UNUSED_VARIABLE = YES;
				LOCALIZATION_PREFERS_STRING_CATALOGS = YES;
				MTL_ENABLE_DEBUG_INFO = NO;
				MTL_FAST_MATH = YES;
				SWIFT_COMPILATION_MODE = wholemodule;
			};
			name = Release;
		};
		1BCE93762C5BC2C7006820CA /* Debug */ = {
			isa = XCBuildConfiguration;
			buildSettings = {
				ASSETCATALOG_COMPILER_APPICON_NAME = AppIcon;
				ASSETCATALOG_COMPILER_GLOBAL_ACCENT_COLOR_NAME = AccentColor;
				CODE_SIGN_ENTITLEMENTS = "multipath-tester/multipath-tester.entitlements";
				CODE_SIGN_IDENTITY = "Apple Development";
				CODE_SIGN_STYLE = Automatic;
				CURRENT_PROJECT_VERSION = 1;
				DEVELOPMENT_ASSET_PATHS = "\"multipath-tester/Preview Content\"";
				DEVELOPMENT_TEAM = 64A3JHMZN3;
				ENABLE_HARDENED_RUNTIME = YES;
				ENABLE_PREVIEWS = YES;
				GENERATE_INFOPLIST_FILE = YES;
				"INFOPLIST_KEY_UIApplicationSceneManifest_Generation[sdk=iphoneos*]" = YES;
				"INFOPLIST_KEY_UIApplicationSceneManifest_Generation[sdk=iphonesimulator*]" = YES;
				"INFOPLIST_KEY_UIApplicationSupportsIndirectInputEvents[sdk=iphoneos*]" = YES;
				"INFOPLIST_KEY_UIApplicationSupportsIndirectInputEvents[sdk=iphonesimulator*]" = YES;
				"INFOPLIST_KEY_UILaunchScreen_Generation[sdk=iphoneos*]" = YES;
				"INFOPLIST_KEY_UILaunchScreen_Generation[sdk=iphonesimulator*]" = YES;
				"INFOPLIST_KEY_UIStatusBarStyle[sdk=iphoneos*]" = UIStatusBarStyleDefault;
				"INFOPLIST_KEY_UIStatusBarStyle[sdk=iphonesimulator*]" = UIStatusBarStyleDefault;
				INFOPLIST_KEY_UISupportedInterfaceOrientations_iPad = "UIInterfaceOrientationPortrait UIInterfaceOrientationPortraitUpsideDown UIInterfaceOrientationLandscapeLeft UIInterfaceOrientationLandscapeRight";
				INFOPLIST_KEY_UISupportedInterfaceOrientations_iPhone = "UIInterfaceOrientationPortrait UIInterfaceOrientationLandscapeLeft UIInterfaceOrientationLandscapeRight";
				IPHONEOS_DEPLOYMENT_TARGET = 17.5;
				LD_RUNPATH_SEARCH_PATHS = "@executable_path/Frameworks";
				"LD_RUNPATH_SEARCH_PATHS[sdk=macosx*]" = "@executable_path/../Frameworks";
				MACOSX_DEPLOYMENT_TARGET = 14.2;
				MARKETING_VERSION = 1.0;
				PRODUCT_BUNDLE_IDENTIFIER = "net.aperence.multipath-tester";
				PRODUCT_NAME = "$(TARGET_NAME)";
				PROVISIONING_PROFILE_SPECIFIER = "";
				SDKROOT = auto;
				SUPPORTED_PLATFORMS = "iphoneos iphonesimulator macosx";
				SWIFT_EMIT_LOC_STRINGS = YES;
				SWIFT_OBJC_BRIDGING_HEADER = "multipath-tester/quiche-Bridging-Header.h";
				SWIFT_VERSION = 5.0;
				TARGETED_DEVICE_FAMILY = "1,2";
			};
			name = Debug;
		};
		1BCE93772C5BC2C7006820CA /* Release */ = {
			isa = XCBuildConfiguration;
			buildSettings = {
				ASSETCATALOG_COMPILER_APPICON_NAME = AppIcon;
				ASSETCATALOG_COMPILER_GLOBAL_ACCENT_COLOR_NAME = AccentColor;
				CODE_SIGN_ENTITLEMENTS = "multipath-tester/multipath-tester.entitlements";
				CODE_SIGN_IDENTITY = "Apple Development";
				CODE_SIGN_STYLE = Automatic;
				CURRENT_PROJECT_VERSION = 1;
				DEVELOPMENT_ASSET_PATHS = "\"multipath-tester/Preview Content\"";
				DEVELOPMENT_TEAM = 64A3JHMZN3;
				ENABLE_HARDENED_RUNTIME = YES;
				ENABLE_PREVIEWS = YES;
				GENERATE_INFOPLIST_FILE = YES;
				"INFOPLIST_KEY_UIApplicationSceneManifest_Generation[sdk=iphoneos*]" = YES;
				"INFOPLIST_KEY_UIApplicationSceneManifest_Generation[sdk=iphonesimulator*]" = YES;
				"INFOPLIST_KEY_UIApplicationSupportsIndirectInputEvents[sdk=iphoneos*]" = YES;
				"INFOPLIST_KEY_UIApplicationSupportsIndirectInputEvents[sdk=iphonesimulator*]" = YES;
				"INFOPLIST_KEY_UILaunchScreen_Generation[sdk=iphoneos*]" = YES;
				"INFOPLIST_KEY_UILaunchScreen_Generation[sdk=iphonesimulator*]" = YES;
				"INFOPLIST_KEY_UIStatusBarStyle[sdk=iphoneos*]" = UIStatusBarStyleDefault;
				"INFOPLIST_KEY_UIStatusBarStyle[sdk=iphonesimulator*]" = UIStatusBarStyleDefault;
				INFOPLIST_KEY_UISupportedInterfaceOrientations_iPad = "UIInterfaceOrientationPortrait UIInterfaceOrientationPortraitUpsideDown UIInterfaceOrientationLandscapeLeft UIInterfaceOrientationLandscapeRight";
				INFOPLIST_KEY_UISupportedInterfaceOrientations_iPhone = "UIInterfaceOrientationPortrait UIInterfaceOrientationLandscapeLeft UIInterfaceOrientationLandscapeRight";
				IPHONEOS_DEPLOYMENT_TARGET = 17.5;
				LD_RUNPATH_SEARCH_PATHS = "@executable_path/Frameworks";
				"LD_RUNPATH_SEARCH_PATHS[sdk=macosx*]" = "@executable_path/../Frameworks";
				MACOSX_DEPLOYMENT_TARGET = 14.2;
				MARKETING_VERSION = 1.0;
				PRODUCT_BUNDLE_IDENTIFIER = "net.aperence.multipath-tester";
				PRODUCT_NAME = "$(TARGET_NAME)";
				PROVISIONING_PROFILE_SPECIFIER = "";
				SDKROOT = auto;
				SUPPORTED_PLATFORMS = "iphoneos iphonesimulator macosx";
				SWIFT_EMIT_LOC_STRINGS = YES;
				SWIFT_OBJC_BRIDGING_HEADER = "multipath-tester/quiche-Bridging-Header.h";
				SWIFT_VERSION = 5.0;
				TARGETED_DEVICE_FAMILY = "1,2";
			};
			name = Release;
		};
/* End XCBuildConfiguration section */

/* Begin XCConfigurationList section */
		1BCE93612C5BC2C6006820CA /* Build configuration list for PBXProject "multipath-tester" */ = {
			isa = XCConfigurationList;
			buildConfigurations = (
				1BCE93732C5BC2C7006820CA /* Debug */,
				1BCE93742C5BC2C7006820CA /* Release */,
			);
			defaultConfigurationIsVisible = 0;
			defaultConfigurationName = Release;
		};
		1BCE93752C5BC2C7006820CA /* Build configuration list for PBXNativeTarget "multipath-tester" */ = {
			isa = XCConfigurationList;
			buildConfigurations = (
				1BCE93762C5BC2C7006820CA /* Debug */,
				1BCE93772C5BC2C7006820CA /* Release */,
			);
			defaultConfigurationIsVisible = 0;
			defaultConfigurationName = Release;
		};
/* End XCConfigurationList section */

/* Begin XCRemoteSwiftPackageReference section */
		1BCE93902C5BC43A006820CA /* XCRemoteSwiftPackageReference "Alamofire" */ = {
			isa = XCRemoteSwiftPackageReference;
			repositoryURL = "https://github.com/Alamofire/Alamofire";
			requirement = {
				kind = upToNextMajorVersion;
				minimumVersion = 5.9.1;
			};
		};
/* End XCRemoteSwiftPackageReference section */

/* Begin XCSwiftPackageProductDependency section */
		1BCE93912C5BC43A006820CA /* Alamofire */ = {
			isa = XCSwiftPackageProductDependency;
			package = 1BCE93902C5BC43A006820CA /* XCRemoteSwiftPackageReference "Alamofire" */;
			productName = Alamofire;
		};
/* End XCSwiftPackageProductDependency section */
	};
	rootObject = 1BCE935E2C5BC2C6006820CA /* Project object */;
}
